
Microsoft Visual Studio Solution File, Format Version 12.00
# Visual Studio 14
VisualStudioVersion = 14.0.24720.0
MinimumVisualStudioVersion = 10.0.40219.1
Project("{FAE04EC0-301F-11D3-BF4B-00C04F79EFBC}") = "oliot_1", "oliot_1.csproj", "{E846D2B8-A29F-4B92-A258-79C5C42C49AB}"
EndProject
Project("{FAE04EC0-301F-11D3-BF4B-00C04F79EFBC}") = "oliot_3", "oliot_3\oliot_3.csproj", "{C76B9115-20D4-4305-8618-CF8E303EAB76}"
EndProject
Project("{FAE04EC0-301F-11D3-BF4B-00C04F79EFBC}") = "oliot_4", "oliot_4\oliot_4.csproj", "{D138FA83-918B-48F7-982F-B3D46B789E76}"
EndProject
Project("{FAE04EC0-301F-11D3-BF4B-00C04F79EFBC}") = "oliot_5", "oliot_5\oliot_5.csproj", "{2C39DAEC-E6C1-4E4A-8E6A-D08BF6118224}"
EndProject
Project("{FAE04EC0-301F-11D3-BF4B-00C04F79EFBC}") = "oliot_6", "oliot_6\oliot_6.csproj", "{BF572146-33A6-43E1-A8CB-22F1ABB9349E}"
EndProject
Project("{FAE04EC0-301F-11D3-BF4B-00C04F79EFBC}") = "oliot_7", "oliot_7\oliot_7.csproj", "{5CFED1B1-73AD-4C13-8A13-B43ABA3D8620}"
EndProject
Project("{FAE04EC0-301F-11D3-BF4B-00C04F79EFBC}") = "Hangman", "Hangman\Hangman.csproj", "{30331F48-0B16-4E39-AFDA-F2B09E549324}"
EndProject
Project("{FAE04EC0-301F-11D3-BF4B-00C04F79EFBC}") = "Radio", "Radio\Radio.csproj", "{2932719B-1391-4291-971D-AD63A5D44676}"
EndProject
Project("{FAE04EC0-301F-11D3-BF4B-00C04F79EFBC}") = "PersonApplication", "PersonApplication\PersonApplication.csproj", "{E93E3192-0FF6-414A-8DB1-EF713118CAA7}"
EndProject
Project("{FAE04EC0-301F-11D3-BF4B-00C04F79EFBC}") = "oliotd5_3", "oliotd5_3\oliotd5_3.csproj", "{C3C9A50A-3206-4D34-A351-AE016F4173F7}"
EndProject
Project("{2150E333-8FDC-42A3-9474-1A3956D46DE8}") = "Solution Items", "Solution Items", "{0C07FC62-D29C-45ED-B385-E0D24F9E5BED}"
	ProjectSection(SolutionItems) = preProject
		Performance1.psess = Performance1.psess
		Performance2.psess = Performance2.psess
	EndProjectSection
EndProject
Project("{FAE04EC0-301F-11D3-BF4B-00C04F79EFBC}") = "Persons", "Persons\Persons.csproj", "{90316BA9-975F-4BAE-8534-4FB2D8CAF7DC}"
EndProject
Project("{FAE04EC0-301F-11D3-BF4B-00C04F79EFBC}") = "D7T2", "D7T2\D7T2.csproj", "{CB6623F1-1E5F-4F95-BAA2-7CCB7CE1DAAC}"
EndProject
Project("{FAE04EC0-301F-11D3-BF4B-00C04F79EFBC}") = "D7T3", "D7T3\D7T3.csproj", "{D873C3CB-079E-4C89-958A-1B40B80E0CEE}"
EndProject
Global
	GlobalSection(Performance) = preSolution
		HasPerformanceSessions = true
	EndGlobalSection
	GlobalSection(SolutionConfigurationPlatforms) = preSolution
		Debug|Any CPU = Debug|Any CPU
		Release|Any CPU = Release|Any CPU
	EndGlobalSection
	GlobalSection(ProjectConfigurationPlatforms) = postSolution
		{E846D2B8-A29F-4B92-A258-79C5C42C49AB}.Debug|Any CPU.ActiveCfg = Debug|Any CPU
		{E846D2B8-A29F-4B92-A258-79C5C42C49AB}.Debug|Any CPU.Build.0 = Debug|Any CPU
		{E846D2B8-A29F-4B92-A258-79C5C42C49AB}.Release|Any CPU.ActiveCfg = Release|Any CPU
		{E846D2B8-A29F-4B92-A258-79C5C42C49AB}.Release|Any CPU.Build.0 = Release|Any CPU
		{C76B9115-20D4-4305-8618-CF8E303EAB76}.Debug|Any CPU.ActiveCfg = Debug|Any CPU
		{C76B9115-20D4-4305-8618-CF8E303EAB76}.Debug|Any CPU.Build.0 = Debug|Any CPU
		{C76B9115-20D4-4305-8618-CF8E303EAB76}.Release|Any CPU.ActiveCfg = Release|Any CPU
		{C76B9115-20D4-4305-8618-CF8E303EAB76}.Release|Any CPU.Build.0 = Release|Any CPU
		{D138FA83-918B-48F7-982F-B3D46B789E76}.Debug|Any CPU.ActiveCfg = Debug|Any CPU
		{D138FA83-918B-48F7-982F-B3D46B789E76}.Debug|Any CPU.Build.0 = Debug|Any CPU
		{D138FA83-918B-48F7-982F-B3D46B789E76}.Release|Any CPU.ActiveCfg = Release|Any CPU
		{D138FA83-918B-48F7-982F-B3D46B789E76}.Release|Any CPU.Build.0 = Release|Any CPU
		{2C39DAEC-E6C1-4E4A-8E6A-D08BF6118224}.Debug|Any CPU.ActiveCfg = Debug|Any CPU
		{2C39DAEC-E6C1-4E4A-8E6A-D08BF6118224}.Debug|Any CPU.Build.0 = Debug|Any CPU
		{2C39DAEC-E6C1-4E4A-8E6A-D08BF6118224}.Release|Any CPU.ActiveCfg = Release|Any CPU
		{2C39DAEC-E6C1-4E4A-8E6A-D08BF6118224}.Release|Any CPU.Build.0 = Release|Any CPU
		{BF572146-33A6-43E1-A8CB-22F1ABB9349E}.Debug|Any CPU.ActiveCfg = Debug|Any CPU
		{BF572146-33A6-43E1-A8CB-22F1ABB9349E}.Debug|Any CPU.Build.0 = Debug|Any CPU
		{BF572146-33A6-43E1-A8CB-22F1ABB9349E}.Release|Any CPU.ActiveCfg = Release|Any CPU
		{BF572146-33A6-43E1-A8CB-22F1ABB9349E}.Release|Any CPU.Build.0 = Release|Any CPU
		{5CFED1B1-73AD-4C13-8A13-B43ABA3D8620}.Debug|Any CPU.ActiveCfg = Debug|Any CPU
		{5CFED1B1-73AD-4C13-8A13-B43ABA3D8620}.Debug|Any CPU.Build.0 = Debug|Any CPU
		{5CFED1B1-73AD-4C13-8A13-B43ABA3D8620}.Release|Any CPU.ActiveCfg = Release|Any CPU
		{5CFED1B1-73AD-4C13-8A13-B43ABA3D8620}.Release|Any CPU.Build.0 = Release|Any CPU
		{30331F48-0B16-4E39-AFDA-F2B09E549324}.Debug|Any CPU.ActiveCfg = Debug|Any CPU
		{30331F48-0B16-4E39-AFDA-F2B09E549324}.Debug|Any CPU.Build.0 = Debug|Any CPU
		{30331F48-0B16-4E39-AFDA-F2B09E549324}.Release|Any CPU.ActiveCfg = Release|Any CPU
		{30331F48-0B16-4E39-AFDA-F2B09E549324}.Release|Any CPU.Build.0 = Release|Any CPU
		{2932719B-1391-4291-971D-AD63A5D44676}.Debug|Any CPU.ActiveCfg = Debug|Any CPU
		{2932719B-1391-4291-971D-AD63A5D44676}.Debug|Any CPU.Build.0 = Debug|Any CPU
		{2932719B-1391-4291-971D-AD63A5D44676}.Release|Any CPU.ActiveCfg = Release|Any CPU
		{2932719B-1391-4291-971D-AD63A5D44676}.Release|Any CPU.Build.0 = Release|Any CPU
		{E93E3192-0FF6-414A-8DB1-EF713118CAA7}.Debug|Any CPU.ActiveCfg = Debug|Any CPU
		{E93E3192-0FF6-414A-8DB1-EF713118CAA7}.Debug|Any CPU.Build.0 = Debug|Any CPU
		{E93E3192-0FF6-414A-8DB1-EF713118CAA7}.Release|Any CPU.ActiveCfg = Release|Any CPU
		{E93E3192-0FF6-414A-8DB1-EF713118CAA7}.Release|Any CPU.Build.0 = Release|Any CPU
		{C3C9A50A-3206-4D34-A351-AE016F4173F7}.Debug|Any CPU.ActiveCfg = Debug|Any CPU
		{C3C9A50A-3206-4D34-A351-AE016F4173F7}.Debug|Any CPU.Build.0 = Debug|Any CPU
		{C3C9A50A-3206-4D34-A351-AE016F4173F7}.Release|Any CPU.ActiveCfg = Release|Any CPU
		{C3C9A50A-3206-4D34-A351-AE016F4173F7}.Release|Any CPU.Build.0 = Release|Any CPU
		{90316BA9-975F-4BAE-8534-4FB2D8CAF7DC}.Debug|Any CPU.ActiveCfg = Debug|Any CPU
		{90316BA9-975F-4BAE-8534-4FB2D8CAF7DC}.Debug|Any CPU.Build.0 = Debug|Any CPU
		{90316BA9-975F-4BAE-8534-4FB2D8CAF7DC}.Release|Any CPU.ActiveCfg = Release|Any CPU
		{90316BA9-975F-4BAE-8534-4FB2D8CAF7DC}.Release|Any CPU.Build.0 = Release|Any CPU
		{CB6623F1-1E5F-4F95-BAA2-7CCB7CE1DAAC}.Debug|Any CPU.ActiveCfg = Debug|Any CPU
		{CB6623F1-1E5F-4F95-BAA2-7CCB7CE1DAAC}.Debug|Any CPU.Build.0 = Debug|Any CPU
		{CB6623F1-1E5F-4F95-BAA2-7CCB7CE1DAAC}.Release|Any CPU.ActiveCfg = Release|Any CPU
		{CB6623F1-1E5F-4F95-BAA2-7CCB7CE1DAAC}.Release|Any CPU.Build.0 = Release|Any CPU
		{D873C3CB-079E-4C89-958A-1B40B80E0CEE}.Debug|Any CPU.ActiveCfg = Debug|Any CPU
		{D873C3CB-079E-4C89-958A-1B40B80E0CEE}.Debug|Any CPU.Build.0 = Debug|Any CPU
		{D873C3CB-079E-4C89-958A-1B40B80E0CEE}.Release|Any CPU.ActiveCfg = Release|Any CPU
		{D873C3CB-079E-4C89-958A-1B40B80E0CEE}.Release|Any CPU.Build.0 = Release|Any CPU
	EndGlobalSection
	GlobalSection(SolutionProperties) = preSolution
		HideSolutionNode = FALSE
	EndGlobalSection
EndGlobal
