
Microsoft Visual Studio Solution File, Format Version 12.00
# Visual Studio 14
VisualStudioVersion = 14.0.24720.0
MinimumVisualStudioVersion = 10.0.40219.1
Project("{FAE04EC0-301F-11D3-BF4B-00C04F79EFBC}") = "oliot_1", "oliot_1.csproj", "{E846D2B8-A29F-4B92-A258-79C5C42C49AB}"
EndProject
Project("{FAE04EC0-301F-11D3-BF4B-00C04F79EFBC}") = "oliot_2", "..\oliot_2\oliot_2.csproj", "{728DB260-1375-42ED-A428-DA68C2869E17}"
EndProject
Project("{FAE04EC0-301F-11D3-BF4B-00C04F79EFBC}") = "oliot_3", "oliot_3\oliot_3.csproj", "{C76B9115-20D4-4305-8618-CF8E303EAB76}"
EndProject
Project("{FAE04EC0-301F-11D3-BF4B-00C04F79EFBC}") = "oliot_4", "oliot_4\oliot_4.csproj", "{D138FA83-918B-48F7-982F-B3D46B789E76}"
EndProject
Project("{FAE04EC0-301F-11D3-BF4B-00C04F79EFBC}") = "oliot_5", "oliot_5\oliot_5.csproj", "{2C39DAEC-E6C1-4E4A-8E6A-D08BF6118224}"
EndProject
Project("{FAE04EC0-301F-11D3-BF4B-00C04F79EFBC}") = "oliot_6", "oliot_6\oliot_6.csproj", "{BF572146-33A6-43E1-A8CB-22F1ABB9349E}"
EndProject
Project("{FAE04EC0-301F-11D3-BF4B-00C04F79EFBC}") = "oliot_7", "oliot_7\oliot_7.csproj", "{5CFED1B1-73AD-4C13-8A13-B43ABA3D8620}"
EndProject
Global
	GlobalSection(SolutionConfigurationPlatforms) = preSolution
		Debug|Any CPU = Debug|Any CPU
		Release|Any CPU = Release|Any CPU
	EndGlobalSection
	GlobalSection(ProjectConfigurationPlatforms) = postSolution
		{E846D2B8-A29F-4B92-A258-79C5C42C49AB}.Debug|Any CPU.ActiveCfg = Debug|Any CPU
		{E846D2B8-A29F-4B92-A258-79C5C42C49AB}.Debug|Any CPU.Build.0 = Debug|Any CPU
		{E846D2B8-A29F-4B92-A258-79C5C42C49AB}.Release|Any CPU.ActiveCfg = Release|Any CPU
		{E846D2B8-A29F-4B92-A258-79C5C42C49AB}.Release|Any CPU.Build.0 = Release|Any CPU
		{728DB260-1375-42ED-A428-DA68C2869E17}.Debug|Any CPU.ActiveCfg = Debug|Any CPU
		{728DB260-1375-42ED-A428-DA68C2869E17}.Debug|Any CPU.Build.0 = Debug|Any CPU
		{728DB260-1375-42ED-A428-DA68C2869E17}.Release|Any CPU.ActiveCfg = Release|Any CPU
		{728DB260-1375-42ED-A428-DA68C2869E17}.Release|Any CPU.Build.0 = Release|Any CPU
		{C76B9115-20D4-4305-8618-CF8E303EAB76}.Debug|Any CPU.ActiveCfg = Debug|Any CPU
		{C76B9115-20D4-4305-8618-CF8E303EAB76}.Debug|Any CPU.Build.0 = Debug|Any CPU
		{C76B9115-20D4-4305-8618-CF8E303EAB76}.Release|Any CPU.ActiveCfg = Release|Any CPU
		{C76B9115-20D4-4305-8618-CF8E303EAB76}.Release|Any CPU.Build.0 = Release|Any CPU
		{D138FA83-918B-48F7-982F-B3D46B789E76}.Debug|Any CPU.ActiveCfg = Debug|Any CPU
		{D138FA83-918B-48F7-982F-B3D46B789E76}.Debug|Any CPU.Build.0 = Debug|Any CPU
		{D138FA83-918B-48F7-982F-B3D46B789E76}.Release|Any CPU.ActiveCfg = Release|Any CPU
		{D138FA83-918B-48F7-982F-B3D46B789E76}.Release|Any CPU.Build.0 = Release|Any CPU
		{2C39DAEC-E6C1-4E4A-8E6A-D08BF6118224}.Debug|Any CPU.ActiveCfg = Debug|Any CPU
		{2C39DAEC-E6C1-4E4A-8E6A-D08BF6118224}.Debug|Any CPU.Build.0 = Debug|Any CPU
		{2C39DAEC-E6C1-4E4A-8E6A-D08BF6118224}.Release|Any CPU.ActiveCfg = Release|Any CPU
		{2C39DAEC-E6C1-4E4A-8E6A-D08BF6118224}.Release|Any CPU.Build.0 = Release|Any CPU
		{BF572146-33A6-43E1-A8CB-22F1ABB9349E}.Debug|Any CPU.ActiveCfg = Debug|Any CPU
		{BF572146-33A6-43E1-A8CB-22F1ABB9349E}.Debug|Any CPU.Build.0 = Debug|Any CPU
		{BF572146-33A6-43E1-A8CB-22F1ABB9349E}.Release|Any CPU.ActiveCfg = Release|Any CPU
		{BF572146-33A6-43E1-A8CB-22F1ABB9349E}.Release|Any CPU.Build.0 = Release|Any CPU
		{5CFED1B1-73AD-4C13-8A13-B43ABA3D8620}.Debug|Any CPU.ActiveCfg = Debug|Any CPU
		{5CFED1B1-73AD-4C13-8A13-B43ABA3D8620}.Debug|Any CPU.Build.0 = Debug|Any CPU
		{5CFED1B1-73AD-4C13-8A13-B43ABA3D8620}.Release|Any CPU.ActiveCfg = Release|Any CPU
		{5CFED1B1-73AD-4C13-8A13-B43ABA3D8620}.Release|Any CPU.Build.0 = Release|Any CPU
	EndGlobalSection
	GlobalSection(SolutionProperties) = preSolution
		HideSolutionNode = FALSE
	EndGlobalSection
EndGlobal
